
Microsoft Visual Studio Solution File, Format Version 12.00
# Visual Studio Version 16
VisualStudioVersion = 16.0.30320.27
MinimumVisualStudioVersion = 10.0.40219.1
Project("{9A19103F-16F7-4668-BE54-9A1E7A4F7556}") = "HotFixGameKit", "HotFixGameKit\HotFixGameKit.csproj", "{BF2F4174-C6DF-4747-B9B7-400513CE8CCD}"
EndProject
Project("{9A19103F-16F7-4668-BE54-9A1E7A4F7556}") = "HotFixModuleTest", "..\HotFixModuleTest\HotFixModuleTest\HotFixModuleTest.csproj", "{4A28AEA1-5B49-4DA3-B529-2CB64EE0E585}"
EndProject
Project("{9A19103F-16F7-4668-BE54-9A1E7A4F7556}") = "HiPlayCore", "..\HiPlayCore\HiPlayCore.csproj", "{F57C75F4-8A91-4990-9765-259E9E3F5A3E}"
EndProject
Project("{9A19103F-16F7-4668-BE54-9A1E7A4F7556}") = "EventManager", "..\EventManager\EventManager.csproj", "{39D6DB23-E2E8-433F-8372-E7F9D9420F7E}"
EndProject
Project("{FAE04EC0-301F-11D3-BF4B-00C04F79EFBC}") = "EventManagerTest", "..\EventManagerTest\EventManagerTest.csproj", "{3EE440A3-FA71-4E77-BF8A-E28936B9046D}"
EndProject
Project("{FAE04EC0-301F-11D3-BF4B-00C04F79EFBC}") = "Common", "..\Common\Common.csproj", "{54DFE5C5-FEBB-4AE9-A653-4109B338B3CB}"
EndProject
Global
	GlobalSection(SolutionConfigurationPlatforms) = preSolution
		Debug|Any CPU = Debug|Any CPU
		Release|Any CPU = Release|Any CPU
	EndGlobalSection
	GlobalSection(ProjectConfigurationPlatforms) = postSolution
		{BF2F4174-C6DF-4747-B9B7-400513CE8CCD}.Debug|Any CPU.ActiveCfg = Debug|Any CPU
		{BF2F4174-C6DF-4747-B9B7-400513CE8CCD}.Debug|Any CPU.Build.0 = Debug|Any CPU
		{BF2F4174-C6DF-4747-B9B7-400513CE8CCD}.Release|Any CPU.ActiveCfg = Release|Any CPU
		{BF2F4174-C6DF-4747-B9B7-400513CE8CCD}.Release|Any CPU.Build.0 = Release|Any CPU
		{4A28AEA1-5B49-4DA3-B529-2CB64EE0E585}.Debug|Any CPU.ActiveCfg = Debug|Any CPU
		{4A28AEA1-5B49-4DA3-B529-2CB64EE0E585}.Debug|Any CPU.Build.0 = Debug|Any CPU
		{4A28AEA1-5B49-4DA3-B529-2CB64EE0E585}.Release|Any CPU.ActiveCfg = Release|Any CPU
		{4A28AEA1-5B49-4DA3-B529-2CB64EE0E585}.Release|Any CPU.Build.0 = Release|Any CPU
		{F57C75F4-8A91-4990-9765-259E9E3F5A3E}.Debug|Any CPU.ActiveCfg = Debug|Any CPU
		{F57C75F4-8A91-4990-9765-259E9E3F5A3E}.Debug|Any CPU.Build.0 = Debug|Any CPU
		{F57C75F4-8A91-4990-9765-259E9E3F5A3E}.Release|Any CPU.ActiveCfg = Release|Any CPU
		{F57C75F4-8A91-4990-9765-259E9E3F5A3E}.Release|Any CPU.Build.0 = Release|Any CPU
		{39D6DB23-E2E8-433F-8372-E7F9D9420F7E}.Debug|Any CPU.ActiveCfg = Debug|Any CPU
		{39D6DB23-E2E8-433F-8372-E7F9D9420F7E}.Debug|Any CPU.Build.0 = Debug|Any CPU
		{39D6DB23-E2E8-433F-8372-E7F9D9420F7E}.Release|Any CPU.ActiveCfg = Release|Any CPU
		{39D6DB23-E2E8-433F-8372-E7F9D9420F7E}.Release|Any CPU.Build.0 = Release|Any CPU
		{3EE440A3-FA71-4E77-BF8A-E28936B9046D}.Debug|Any CPU.ActiveCfg = Debug|Any CPU
		{3EE440A3-FA71-4E77-BF8A-E28936B9046D}.Debug|Any CPU.Build.0 = Debug|Any CPU
		{3EE440A3-FA71-4E77-BF8A-E28936B9046D}.Release|Any CPU.ActiveCfg = Release|Any CPU
		{3EE440A3-FA71-4E77-BF8A-E28936B9046D}.Release|Any CPU.Build.0 = Release|Any CPU
		{54DFE5C5-FEBB-4AE9-A653-4109B338B3CB}.Debug|Any CPU.ActiveCfg = Debug|Any CPU
		{54DFE5C5-FEBB-4AE9-A653-4109B338B3CB}.Debug|Any CPU.Build.0 = Debug|Any CPU
		{54DFE5C5-FEBB-4AE9-A653-4109B338B3CB}.Release|Any CPU.ActiveCfg = Release|Any CPU
		{54DFE5C5-FEBB-4AE9-A653-4109B338B3CB}.Release|Any CPU.Build.0 = Release|Any CPU
	EndGlobalSection
	GlobalSection(SolutionProperties) = preSolution
		HideSolutionNode = FALSE
	EndGlobalSection
	GlobalSection(ExtensibilityGlobals) = postSolution
		SolutionGuid = {FA9CF4B7-F491-4F0C-987E-6BE9A0DE0374}
	EndGlobalSection
EndGlobal
