
Microsoft Visual Studio Solution File, Format Version 12.00
# Visual Studio Version 16
VisualStudioVersion = 16.0.30320.27
MinimumVisualStudioVersion = 10.0.40219.1
Project("{9A19103F-16F7-4668-BE54-9A1E7A4F7556}") = "HotFixGameKit", "HotFixGameKit\HotFixGameKit.csproj", "{BF2F4174-C6DF-4747-B9B7-400513CE8CCD}"
EndProject
Project("{FAE04EC0-301F-11D3-BF4B-00C04F79EFBC}") = "TestCase", "..\EventManagerTest\TestCase.csproj", "{3EE440A3-FA71-4E77-BF8A-E28936B9046D}"
EndProject
Project("{9A19103F-16F7-4668-BE54-9A1E7A4F7556}") = "HiplayKit", "..\HiplayKit\HiplayKit.csproj", "{A04C5739-477D-4A7B-949C-B92D88EEAEED}"
EndProject
Project("{FAE04EC0-301F-11D3-BF4B-00C04F79EFBC}") = "ConsoleTest", "..\ConsoleTest\ConsoleTest.csproj", "{8A0E646D-D830-4772-BCAB-2B562BDAD156}"
EndProject
Global
	GlobalSection(SolutionConfigurationPlatforms) = preSolution
		Debug|Any CPU = Debug|Any CPU
		Release|Any CPU = Release|Any CPU
	EndGlobalSection
	GlobalSection(ProjectConfigurationPlatforms) = postSolution
		{BF2F4174-C6DF-4747-B9B7-400513CE8CCD}.Debug|Any CPU.ActiveCfg = Debug|Any CPU
		{BF2F4174-C6DF-4747-B9B7-400513CE8CCD}.Debug|Any CPU.Build.0 = Debug|Any CPU
		{BF2F4174-C6DF-4747-B9B7-400513CE8CCD}.Release|Any CPU.ActiveCfg = Release|Any CPU
		{BF2F4174-C6DF-4747-B9B7-400513CE8CCD}.Release|Any CPU.Build.0 = Release|Any CPU
		{3EE440A3-FA71-4E77-BF8A-E28936B9046D}.Debug|Any CPU.ActiveCfg = Debug|Any CPU
		{3EE440A3-FA71-4E77-BF8A-E28936B9046D}.Debug|Any CPU.Build.0 = Debug|Any CPU
		{3EE440A3-FA71-4E77-BF8A-E28936B9046D}.Release|Any CPU.ActiveCfg = Release|Any CPU
		{3EE440A3-FA71-4E77-BF8A-E28936B9046D}.Release|Any CPU.Build.0 = Release|Any CPU
		{A04C5739-477D-4A7B-949C-B92D88EEAEED}.Debug|Any CPU.ActiveCfg = Debug|Any CPU
		{A04C5739-477D-4A7B-949C-B92D88EEAEED}.Debug|Any CPU.Build.0 = Debug|Any CPU
		{A04C5739-477D-4A7B-949C-B92D88EEAEED}.Release|Any CPU.ActiveCfg = Release|Any CPU
		{A04C5739-477D-4A7B-949C-B92D88EEAEED}.Release|Any CPU.Build.0 = Release|Any CPU
		{8A0E646D-D830-4772-BCAB-2B562BDAD156}.Debug|Any CPU.ActiveCfg = Debug|Any CPU
		{8A0E646D-D830-4772-BCAB-2B562BDAD156}.Debug|Any CPU.Build.0 = Debug|Any CPU
		{8A0E646D-D830-4772-BCAB-2B562BDAD156}.Release|Any CPU.ActiveCfg = Release|Any CPU
		{8A0E646D-D830-4772-BCAB-2B562BDAD156}.Release|Any CPU.Build.0 = Release|Any CPU
	EndGlobalSection
	GlobalSection(SolutionProperties) = preSolution
		HideSolutionNode = FALSE
	EndGlobalSection
	GlobalSection(ExtensibilityGlobals) = postSolution
		SolutionGuid = {FA9CF4B7-F491-4F0C-987E-6BE9A0DE0374}
	EndGlobalSection
EndGlobal
